// !$*UTF8*$!
{
	archiveVersion = 1;
	classes = {
	};
	objectVersion = 55;
	objects = {

/* Begin PBXBuildFile section */
		64273122282B443400DE8001 /* AppDelegate.swift in Sources */ = {isa = PBXBuildFile; fileRef = 64273121282B443400DE8001 /* AppDelegate.swift */; };
		64273124282B443400DE8001 /* SceneDelegate.swift in Sources */ = {isa = PBXBuildFile; fileRef = 64273123282B443400DE8001 /* SceneDelegate.swift */; };
		64273126282B443400DE8001 /* ViewController.swift in Sources */ = {isa = PBXBuildFile; fileRef = 64273125282B443400DE8001 /* ViewController.swift */; };
		64273129282B443400DE8001 /* Main.storyboard in Resources */ = {isa = PBXBuildFile; fileRef = 64273127282B443400DE8001 /* Main.storyboard */; };
		6427312C282B443400DE8001 /* FamilyEuroTrip.xcdatamodeld in Sources */ = {isa = PBXBuildFile; fileRef = 6427312A282B443400DE8001 /* FamilyEuroTrip.xcdatamodeld */; };
		6427312E282B443700DE8001 /* Assets.xcassets in Resources */ = {isa = PBXBuildFile; fileRef = 6427312D282B443700DE8001 /* Assets.xcassets */; };
		64273131282B443700DE8001 /* LaunchScreen.storyboard in Resources */ = {isa = PBXBuildFile; fileRef = 6427312F282B443700DE8001 /* LaunchScreen.storyboard */; };
		6427313C282B443800DE8001 /* FamilyEuroTripTests.swift in Sources */ = {isa = PBXBuildFile; fileRef = 6427313B282B443800DE8001 /* FamilyEuroTripTests.swift */; };
		64273146282B443800DE8001 /* FamilyEuroTripUITests.swift in Sources */ = {isa = PBXBuildFile; fileRef = 64273145282B443800DE8001 /* FamilyEuroTripUITests.swift */; };
		64273148282B443800DE8001 /* FamilyEuroTripUITestsLaunchTests.swift in Sources */ = {isa = PBXBuildFile; fileRef = 64273147282B443800DE8001 /* FamilyEuroTripUITestsLaunchTests.swift */; };
/* End PBXBuildFile section */

/* Begin PBXContainerItemProxy section */
		64273138282B443800DE8001 /* PBXContainerItemProxy */ = {
			isa = PBXContainerItemProxy;
			containerPortal = 64273116282B443400DE8001 /* Project object */;
			proxyType = 1;
			remoteGlobalIDString = 6427311D282B443400DE8001;
			remoteInfo = FamilyEuroTrip;
		};
		64273142282B443800DE8001 /* PBXContainerItemProxy */ = {
			isa = PBXContainerItemProxy;
			containerPortal = 64273116282B443400DE8001 /* Project object */;
			proxyType = 1;
			remoteGlobalIDString = 6427311D282B443400DE8001;
			remoteInfo = FamilyEuroTrip;
		};
/* End PBXContainerItemProxy section */

/* Begin PBXFileReference section */
		6427311E282B443400DE8001 /* FamilyEuroTrip.app */ = {isa = PBXFileReference; explicitFileType = wrapper.application; includeInIndex = 0; path = FamilyEuroTrip.app; sourceTree = BUILT_PRODUCTS_DIR; };
		64273121282B443400DE8001 /* AppDelegate.swift */ = {isa = PBXFileReference; lastKnownFileType = sourcecode.swift; path = AppDelegate.swift; sourceTree = "<group>"; };
		64273123282B443400DE8001 /* SceneDelegate.swift */ = {isa = PBXFileReference; lastKnownFileType = sourcecode.swift; path = SceneDelegate.swift; sourceTree = "<group>"; };
		64273125282B443400DE8001 /* ViewController.swift */ = {isa = PBXFileReference; lastKnownFileType = sourcecode.swift; path = ViewController.swift; sourceTree = "<group>"; };
		64273128282B443400DE8001 /* Base */ = {isa = PBXFileReference; lastKnownFileType = file.storyboard; name = Base; path = Base.lproj/Main.storyboard; sourceTree = "<group>"; };
		6427312B282B443400DE8001 /* FamilyEuroTrip.xcdatamodel */ = {isa = PBXFileReference; lastKnownFileType = wrapper.xcdatamodel; path = FamilyEuroTrip.xcdatamodel; sourceTree = "<group>"; };
		6427312D282B443700DE8001 /* Assets.xcassets */ = {isa = PBXFileReference; lastKnownFileType = folder.assetcatalog; path = Assets.xcassets; sourceTree = "<group>"; };
		64273130282B443700DE8001 /* Base */ = {isa = PBXFileReference; lastKnownFileType = file.storyboard; name = Base; path = Base.lproj/LaunchScreen.storyboard; sourceTree = "<group>"; };
		64273132282B443700DE8001 /* Info.plist */ = {isa = PBXFileReference; lastKnownFileType = text.plist.xml; path = Info.plist; sourceTree = "<group>"; };
		64273137282B443800DE8001 /* FamilyEuroTripTests.xctest */ = {isa = PBXFileReference; explicitFileType = wrapper.cfbundle; includeInIndex = 0; path = FamilyEuroTripTests.xctest; sourceTree = BUILT_PRODUCTS_DIR; };
		6427313B282B443800DE8001 /* FamilyEuroTripTests.swift */ = {isa = PBXFileReference; lastKnownFileType = sourcecode.swift; path = FamilyEuroTripTests.swift; sourceTree = "<group>"; };
		64273141282B443800DE8001 /* FamilyEuroTripUITests.xctest */ = {isa = PBXFileReference; explicitFileType = wrapper.cfbundle; includeInIndex = 0; path = FamilyEuroTripUITests.xctest; sourceTree = BUILT_PRODUCTS_DIR; };
		64273145282B443800DE8001 /* FamilyEuroTripUITests.swift */ = {isa = PBXFileReference; lastKnownFileType = sourcecode.swift; path = FamilyEuroTripUITests.swift; sourceTree = "<group>"; };
		64273147282B443800DE8001 /* FamilyEuroTripUITestsLaunchTests.swift */ = {isa = PBXFileReference; lastKnownFileType = sourcecode.swift; path = FamilyEuroTripUITestsLaunchTests.swift; sourceTree = "<group>"; };
/* End PBXFileReference section */

/* Begin PBXFrameworksBuildPhase section */
		6427311B282B443400DE8001 /* Frameworks */ = {
			isa = PBXFrameworksBuildPhase;
			buildActionMask = 2147483647;
			files = (
			);
			runOnlyForDeploymentPostprocessing = 0;
		};
		64273134282B443800DE8001 /* Frameworks */ = {
			isa = PBXFrameworksBuildPhase;
			buildActionMask = 2147483647;
			files = (
			);
			runOnlyForDeploymentPostprocessing = 0;
		};
		6427313E282B443800DE8001 /* Frameworks */ = {
			isa = PBXFrameworksBuildPhase;
			buildActionMask = 2147483647;
			files = (
			);
			runOnlyForDeploymentPostprocessing = 0;
		};
/* End PBXFrameworksBuildPhase section */

/* Begin PBXGroup section */
		64273115282B443400DE8001 = {
			isa = PBXGroup;
			children = (
				64273120282B443400DE8001 /* FamilyEuroTrip */,
				6427313A282B443800DE8001 /* FamilyEuroTripTests */,
				64273144282B443800DE8001 /* FamilyEuroTripUITests */,
				6427311F282B443400DE8001 /* Products */,
			);
			sourceTree = "<group>";
		};
		6427311F282B443400DE8001 /* Products */ = {
			isa = PBXGroup;
			children = (
				6427311E282B443400DE8001 /* FamilyEuroTrip.app */,
				64273137282B443800DE8001 /* FamilyEuroTripTests.xctest */,
				64273141282B443800DE8001 /* FamilyEuroTripUITests.xctest */,
			);
			name = Products;
			sourceTree = "<group>";
		};
		64273120282B443400DE8001 /* FamilyEuroTrip */ = {
			isa = PBXGroup;
			children = (
				64273121282B443400DE8001 /* AppDelegate.swift */,
				64273123282B443400DE8001 /* SceneDelegate.swift */,
				64273125282B443400DE8001 /* ViewController.swift */,
				64273127282B443400DE8001 /* Main.storyboard */,
				6427312D282B443700DE8001 /* Assets.xcassets */,
				6427312F282B443700DE8001 /* LaunchScreen.storyboard */,
				64273132282B443700DE8001 /* Info.plist */,
				6427312A282B443400DE8001 /* FamilyEuroTrip.xcdatamodeld */,
			);
			path = FamilyEuroTrip;
			sourceTree = "<group>";
		};
		6427313A282B443800DE8001 /* FamilyEuroTripTests */ = {
			isa = PBXGroup;
			children = (
				6427313B282B443800DE8001 /* FamilyEuroTripTests.swift */,
			);
			path = FamilyEuroTripTests;
			sourceTree = "<group>";
		};
		64273144282B443800DE8001 /* FamilyEuroTripUITests */ = {
			isa = PBXGroup;
			children = (
				64273145282B443800DE8001 /* FamilyEuroTripUITests.swift */,
				64273147282B443800DE8001 /* FamilyEuroTripUITestsLaunchTests.swift */,
			);
			path = FamilyEuroTripUITests;
			sourceTree = "<group>";
		};
/* End PBXGroup section */

/* Begin PBXNativeTarget section */
		6427311D282B443400DE8001 /* FamilyEuroTrip */ = {
			isa = PBXNativeTarget;
			buildConfigurationList = 6427314B282B443800DE8001 /* Build configuration list for PBXNativeTarget "FamilyEuroTrip" */;
			buildPhases = (
				6427311A282B443400DE8001 /* Sources */,
				6427311B282B443400DE8001 /* Frameworks */,
				6427311C282B443400DE8001 /* Resources */,
			);
			buildRules = (
			);
			dependencies = (
			);
			name = FamilyEuroTrip;
			productName = FamilyEuroTrip;
			productReference = 6427311E282B443400DE8001 /* FamilyEuroTrip.app */;
			productType = "com.apple.product-type.application";
		};
		64273136282B443800DE8001 /* FamilyEuroTripTests */ = {
			isa = PBXNativeTarget;
			buildConfigurationList = 6427314E282B443800DE8001 /* Build configuration list for PBXNativeTarget "FamilyEuroTripTests" */;
			buildPhases = (
				64273133282B443800DE8001 /* Sources */,
				64273134282B443800DE8001 /* Frameworks */,
				64273135282B443800DE8001 /* Resources */,
			);
			buildRules = (
			);
			dependencies = (
				64273139282B443800DE8001 /* PBXTargetDependency */,
			);
			name = FamilyEuroTripTests;
			productName = FamilyEuroTripTests;
			productReference = 64273137282B443800DE8001 /* FamilyEuroTripTests.xctest */;
			productType = "com.apple.product-type.bundle.unit-test";
		};
		64273140282B443800DE8001 /* FamilyEuroTripUITests */ = {
			isa = PBXNativeTarget;
			buildConfigurationList = 64273151282B443800DE8001 /* Build configuration list for PBXNativeTarget "FamilyEuroTripUITests" */;
			buildPhases = (
				6427313D282B443800DE8001 /* Sources */,
				6427313E282B443800DE8001 /* Frameworks */,
				6427313F282B443800DE8001 /* Resources */,
			);
			buildRules = (
			);
			dependencies = (
				64273143282B443800DE8001 /* PBXTargetDependency */,
			);
			name = FamilyEuroTripUITests;
			productName = FamilyEuroTripUITests;
			productReference = 64273141282B443800DE8001 /* FamilyEuroTripUITests.xctest */;
			productType = "com.apple.product-type.bundle.ui-testing";
		};
/* End PBXNativeTarget section */

/* Begin PBXProject section */
		64273116282B443400DE8001 /* Project object */ = {
			isa = PBXProject;
			attributes = {
				BuildIndependentTargetsInParallel = 1;
				LastSwiftUpdateCheck = 1330;
				LastUpgradeCheck = 1330;
				TargetAttributes = {
					6427311D282B443400DE8001 = {
						CreatedOnToolsVersion = 13.3.1;
					};
					64273136282B443800DE8001 = {
						CreatedOnToolsVersion = 13.3.1;
						TestTargetID = 6427311D282B443400DE8001;
					};
					64273140282B443800DE8001 = {
						CreatedOnToolsVersion = 13.3.1;
						TestTargetID = 6427311D282B443400DE8001;
					};
				};
			};
			buildConfigurationList = 64273119282B443400DE8001 /* Build configuration list for PBXProject "FamilyEuroTrip" */;
			compatibilityVersion = "Xcode 13.0";
			developmentRegion = en;
			hasScannedForEncodings = 0;
			knownRegions = (
				en,
				Base,
			);
			mainGroup = 64273115282B443400DE8001;
			productRefGroup = 6427311F282B443400DE8001 /* Products */;
			projectDirPath = "";
			projectRoot = "";
			targets = (
				6427311D282B443400DE8001 /* FamilyEuroTrip */,
				64273136282B443800DE8001 /* FamilyEuroTripTests */,
				64273140282B443800DE8001 /* FamilyEuroTripUITests */,
			);
		};
/* End PBXProject section */

/* Begin PBXResourcesBuildPhase section */
		6427311C282B443400DE8001 /* Resources */ = {
			isa = PBXResourcesBuildPhase;
			buildActionMask = 2147483647;
			files = (
				64273131282B443700DE8001 /* LaunchScreen.storyboard in Resources */,
				6427312E282B443700DE8001 /* Assets.xcassets in Resources */,
				64273129282B443400DE8001 /* Main.storyboard in Resources */,
			);
			runOnlyForDeploymentPostprocessing = 0;
		};
		64273135282B443800DE8001 /* Resources */ = {
			isa = PBXResourcesBuildPhase;
			buildActionMask = 2147483647;
			files = (
			);
			runOnlyForDeploymentPostprocessing = 0;
		};
		6427313F282B443800DE8001 /* Resources */ = {
			isa = PBXResourcesBuildPhase;
			buildActionMask = 2147483647;
			files = (
			);
			runOnlyForDeploymentPostprocessing = 0;
		};
/* End PBXResourcesBuildPhase section */

/* Begin PBXSourcesBuildPhase section */
		6427311A282B443400DE8001 /* Sources */ = {
			isa = PBXSourcesBuildPhase;
			buildActionMask = 2147483647;
			files = (
				64273126282B443400DE8001 /* ViewController.swift in Sources */,
				64273122282B443400DE8001 /* AppDelegate.swift in Sources */,
				64273124282B443400DE8001 /* SceneDelegate.swift in Sources */,
				6427312C282B443400DE8001 /* FamilyEuroTrip.xcdatamodeld in Sources */,
			);
			runOnlyForDeploymentPostprocessing = 0;
		};
		64273133282B443800DE8001 /* Sources */ = {
			isa = PBXSourcesBuildPhase;
			buildActionMask = 2147483647;
			files = (
				6427313C282B443800DE8001 /* FamilyEuroTripTests.swift in Sources */,
			);
			runOnlyForDeploymentPostprocessing = 0;
		};
		6427313D282B443800DE8001 /* Sources */ = {
			isa = PBXSourcesBuildPhase;
			buildActionMask = 2147483647;
			files = (
				64273148282B443800DE8001 /* FamilyEuroTripUITestsLaunchTests.swift in Sources */,
				64273146282B443800DE8001 /* FamilyEuroTripUITests.swift in Sources */,
			);
			runOnlyForDeploymentPostprocessing = 0;
		};
/* End PBXSourcesBuildPhase section */

/* Begin PBXTargetDependency section */
		64273139282B443800DE8001 /* PBXTargetDependency */ = {
			isa = PBXTargetDependency;
			target = 6427311D282B443400DE8001 /* FamilyEuroTrip */;
			targetProxy = 64273138282B443800DE8001 /* PBXContainerItemProxy */;
		};
		64273143282B443800DE8001 /* PBXTargetDependency */ = {
			isa = PBXTargetDependency;
			target = 6427311D282B443400DE8001 /* FamilyEuroTrip */;
			targetProxy = 64273142282B443800DE8001 /* PBXContainerItemProxy */;
		};
/* End PBXTargetDependency section */

/* Begin PBXVariantGroup section */
		64273127282B443400DE8001 /* Main.storyboard */ = {
			isa = PBXVariantGroup;
			children = (
				64273128282B443400DE8001 /* Base */,
			);
			name = Main.storyboard;
			sourceTree = "<group>";
		};
		6427312F282B443700DE8001 /* LaunchScreen.storyboard */ = {
			isa = PBXVariantGroup;
			children = (
				64273130282B443700DE8001 /* Base */,
			);
			name = LaunchScreen.storyboard;
			sourceTree = "<group>";
		};
/* End PBXVariantGroup section */

/* Begin XCBuildConfiguration section */
		64273149282B443800DE8001 /* Debug */ = {
			isa = XCBuildConfiguration;
			buildSettings = {
				ALWAYS_SEARCH_USER_PATHS = NO;
				CLANG_ANALYZER_NONNULL = YES;
				CLANG_ANALYZER_NUMBER_OBJECT_CONVERSION = YES_AGGRESSIVE;
				CLANG_CXX_LANGUAGE_STANDARD = "gnu++17";
				CLANG_ENABLE_MODULES = YES;
				CLANG_ENABLE_OBJC_ARC = YES;
				CLANG_ENABLE_OBJC_WEAK = YES;
				CLANG_WARN_BLOCK_CAPTURE_AUTORELEASING = YES;
				CLANG_WARN_BOOL_CONVERSION = YES;
				CLANG_WARN_COMMA = YES;
				CLANG_WARN_CONSTANT_CONVERSION = YES;
				CLANG_WARN_DEPRECATED_OBJC_IMPLEMENTATIONS = YES;
				CLANG_WARN_DIRECT_OBJC_ISA_USAGE = YES_ERROR;
				CLANG_WARN_DOCUMENTATION_COMMENTS = YES;
				CLANG_WARN_EMPTY_BODY = YES;
				CLANG_WARN_ENUM_CONVERSION = YES;
				CLANG_WARN_INFINITE_RECURSION = YES;
				CLANG_WARN_INT_CONVERSION = YES;
				CLANG_WARN_NON_LITERAL_NULL_CONVERSION = YES;
				CLANG_WARN_OBJC_IMPLICIT_RETAIN_SELF = YES;
				CLANG_WARN_OBJC_LITERAL_CONVERSION = YES;
				CLANG_WARN_OBJC_ROOT_CLASS = YES_ERROR;
				CLANG_WARN_QUOTED_INCLUDE_IN_FRAMEWORK_HEADER = YES;
				CLANG_WARN_RANGE_LOOP_ANALYSIS = YES;
				CLANG_WARN_STRICT_PROTOTYPES = YES;
				CLANG_WARN_SUSPICIOUS_MOVE = YES;
				CLANG_WARN_UNGUARDED_AVAILABILITY = YES_AGGRESSIVE;
				CLANG_WARN_UNREACHABLE_CODE = YES;
				CLANG_WARN__DUPLICATE_METHOD_MATCH = YES;
				COPY_PHASE_STRIP = NO;
				DEBUG_INFORMATION_FORMAT = dwarf;
				ENABLE_STRICT_OBJC_MSGSEND = YES;
				ENABLE_TESTABILITY = YES;
				GCC_C_LANGUAGE_STANDARD = gnu11;
				GCC_DYNAMIC_NO_PIC = NO;
				GCC_NO_COMMON_BLOCKS = YES;
				GCC_OPTIMIZATION_LEVEL = 0;
				GCC_PREPROCESSOR_DEFINITIONS = (
					"DEBUG=1",
					"$(inherited)",
				);
				GCC_WARN_64_TO_32_BIT_CONVERSION = YES;
				GCC_WARN_ABOUT_RETURN_TYPE = YES_ERROR;
				GCC_WARN_UNDECLARED_SELECTOR = YES;
				GCC_WARN_UNINITIALIZED_AUTOS = YES_AGGRESSIVE;
				GCC_WARN_UNUSED_FUNCTION = YES;
				GCC_WARN_UNUSED_VARIABLE = YES;
				IPHONEOS_DEPLOYMENT_TARGET = 15.4;
				MTL_ENABLE_DEBUG_INFO = INCLUDE_SOURCE;
				MTL_FAST_MATH = YES;
				ONLY_ACTIVE_ARCH = YES;
				SDKROOT = iphoneos;
				SWIFT_ACTIVE_COMPILATION_CONDITIONS = DEBUG;
				SWIFT_OPTIMIZATION_LEVEL = "-Onone";
			};
			name = Debug;
		};
		6427314A282B443800DE8001 /* Release */ = {
			isa = XCBuildConfiguration;
			buildSettings = {
				ALWAYS_SEARCH_USER_PATHS = NO;
				CLANG_ANALYZER_NONNULL = YES;
				CLANG_ANALYZER_NUMBER_OBJECT_CONVERSION = YES_AGGRESSIVE;
				CLANG_CXX_LANGUAGE_STANDARD = "gnu++17";
				CLANG_ENABLE_MODULES = YES;
				CLANG_ENABLE_OBJC_ARC = YES;
				CLANG_ENABLE_OBJC_WEAK = YES;
				CLANG_WARN_BLOCK_CAPTURE_AUTORELEASING = YES;
				CLANG_WARN_BOOL_CONVERSION = YES;
				CLANG_WARN_COMMA = YES;
				CLANG_WARN_CONSTANT_CONVERSION = YES;
				CLANG_WARN_DEPRECATED_OBJC_IMPLEMENTATIONS = YES;
				CLANG_WARN_DIRECT_OBJC_ISA_USAGE = YES_ERROR;
				CLANG_WARN_DOCUMENTATION_COMMENTS = YES;
				CLANG_WARN_EMPTY_BODY = YES;
				CLANG_WARN_ENUM_CONVERSION = YES;
				CLANG_WARN_INFINITE_RECURSION = YES;
				CLANG_WARN_INT_CONVERSION = YES;
				CLANG_WARN_NON_LITERAL_NULL_CONVERSION = YES;
				CLANG_WARN_OBJC_IMPLICIT_RETAIN_SELF = YES;
				CLANG_WARN_OBJC_LITERAL_CONVERSION = YES;
				CLANG_WARN_OBJC_ROOT_CLASS = YES_ERROR;
				CLANG_WARN_QUOTED_INCLUDE_IN_FRAMEWORK_HEADER = YES;
				CLANG_WARN_RANGE_LOOP_ANALYSIS = YES;
				CLANG_WARN_STRICT_PROTOTYPES = YES;
				CLANG_WARN_SUSPICIOUS_MOVE = YES;
				CLANG_WARN_UNGUARDED_AVAILABILITY = YES_AGGRESSIVE;
				CLANG_WARN_UNREACHABLE_CODE = YES;
				CLANG_WARN__DUPLICATE_METHOD_MATCH = YES;
				COPY_PHASE_STRIP = NO;
				DEBUG_INFORMATION_FORMAT = "dwarf-with-dsym";
				ENABLE_NS_ASSERTIONS = NO;
				ENABLE_STRICT_OBJC_MSGSEND = YES;
				GCC_C_LANGUAGE_STANDARD = gnu11;
				GCC_NO_COMMON_BLOCKS = YES;
				GCC_WARN_64_TO_32_BIT_CONVERSION = YES;
				GCC_WARN_ABOUT_RETURN_TYPE = YES_ERROR;
				GCC_WARN_UNDECLARED_SELECTOR = YES;
				GCC_WARN_UNINITIALIZED_AUTOS = YES_AGGRESSIVE;
				GCC_WARN_UNUSED_FUNCTION = YES;
				GCC_WARN_UNUSED_VARIABLE = YES;
				IPHONEOS_DEPLOYMENT_TARGET = 15.4;
				MTL_ENABLE_DEBUG_INFO = NO;
				MTL_FAST_MATH = YES;
				SDKROOT = iphoneos;
				SWIFT_COMPILATION_MODE = wholemodule;
				SWIFT_OPTIMIZATION_LEVEL = "-O";
				VALIDATE_PRODUCT = YES;
			};
			name = Release;
		};
		6427314C282B443800DE8001 /* Debug */ = {
			isa = XCBuildConfiguration;
			buildSettings = {
				ASSETCATALOG_COMPILER_APPICON_NAME = AppIcon;
				ASSETCATALOG_COMPILER_GLOBAL_ACCENT_COLOR_NAME = AccentColor;
				CODE_SIGN_STYLE = Automatic;
				CURRENT_PROJECT_VERSION = 1;
				GENERATE_INFOPLIST_FILE = YES;
				INFOPLIST_FILE = FamilyEuroTrip/Info.plist;
				INFOPLIST_KEY_UIApplicationSupportsIndirectInputEvents = YES;
				INFOPLIST_KEY_UILaunchStoryboardName = LaunchScreen;
				INFOPLIST_KEY_UIMainStoryboardFile = Main;
				INFOPLIST_KEY_UISupportedInterfaceOrientations_iPad = "UIInterfaceOrientationPortrait UIInterfaceOrientationPortraitUpsideDown UIInterfaceOrientationLandscapeLeft UIInterfaceOrientationLandscapeRight";
				INFOPLIST_KEY_UISupportedInterfaceOrientations_iPhone = "UIInterfaceOrientationPortrait UIInterfaceOrientationLandscapeLeft UIInterfaceOrientationLandscapeRight";
				LD_RUNPATH_SEARCH_PATHS = (
					"$(inherited)",
					"@executable_path/Frameworks",
				);
				MARKETING_VERSION = 1.0;
				PRODUCT_BUNDLE_IDENTIFIER = co.juansmacias.FamilyEuroTrip;
				PRODUCT_NAME = "$(TARGET_NAME)";
				SWIFT_EMIT_LOC_STRINGS = YES;
				SWIFT_VERSION = 5.0;
				TARGETED_DEVICE_FAMILY = "1,2";
			};
			name = Debug;
		};
		6427314D282B443800DE8001 /* Release */ = {
			isa = XCBuildConfiguration;
			buildSettings = {
				ASSETCATALOG_COMPILER_APPICON_NAME = AppIcon;
				ASSETCATALOG_COMPILER_GLOBAL_ACCENT_COLOR_NAME = AccentColor;
				CODE_SIGN_STYLE = Automatic;
				CURRENT_PROJECT_VERSION = 1;
				GENERATE_INFOPLIST_FILE = YES;
				INFOPLIST_FILE = FamilyEuroTrip/Info.plist;
				INFOPLIST_KEY_UIApplicationSupportsIndirectInputEvents = YES;
				INFOPLIST_KEY_UILaunchStoryboardName = LaunchScreen;
				INFOPLIST_KEY_UIMainStoryboardFile = Main;
				INFOPLIST_KEY_UISupportedInterfaceOrientations_iPad = "UIInterfaceOrientationPortrait UIInterfaceOrientationPortraitUpsideDown UIInterfaceOrientationLandscapeLeft UIInterfaceOrientationLandscapeRight";
				INFOPLIST_KEY_UISupportedInterfaceOrientations_iPhone = "UIInterfaceOrientationPortrait UIInterfaceOrientationLandscapeLeft UIInterfaceOrientationLandscapeRight";
				LD_RUNPATH_SEARCH_PATHS = (
					"$(inherited)",
					"@executable_path/Frameworks",
				);
				MARKETING_VERSION = 1.0;
				PRODUCT_BUNDLE_IDENTIFIER = co.juansmacias.FamilyEuroTrip;
				PRODUCT_NAME = "$(TARGET_NAME)";
				SWIFT_EMIT_LOC_STRINGS = YES;
				SWIFT_VERSION = 5.0;
				TARGETED_DEVICE_FAMILY = "1,2";
			};
			name = Release;
		};
		6427314F282B443800DE8001 /* Debug */ = {
			isa = XCBuildConfiguration;
			buildSettings = {
				ALWAYS_EMBED_SWIFT_STANDARD_LIBRARIES = YES;
				BUNDLE_LOADER = "$(TEST_HOST)";
				CODE_SIGN_STYLE = Automatic;
				CURRENT_PROJECT_VERSION = 1;
				GENERATE_INFOPLIST_FILE = YES;
				IPHONEOS_DEPLOYMENT_TARGET = 15.4;
				MARKETING_VERSION = 1.0;
				PRODUCT_BUNDLE_IDENTIFIER = co.juansmacias.FamilyEuroTripTests;
				PRODUCT_NAME = "$(TARGET_NAME)";
				SWIFT_EMIT_LOC_STRINGS = NO;
				SWIFT_VERSION = 5.0;
				TARGETED_DEVICE_FAMILY = "1,2";
				TEST_HOST = "$(BUILT_PRODUCTS_DIR)/FamilyEuroTrip.app/FamilyEuroTrip";
			};
			name = Debug;
		};
		64273150282B443800DE8001 /* Release */ = {
			isa = XCBuildConfiguration;
			buildSettings = {
				ALWAYS_EMBED_SWIFT_STANDARD_LIBRARIES = YES;
				BUNDLE_LOADER = "$(TEST_HOST)";
				CODE_SIGN_STYLE = Automatic;
				CURRENT_PROJECT_VERSION = 1;
				GENERATE_INFOPLIST_FILE = YES;
				IPHONEOS_DEPLOYMENT_TARGET = 15.4;
				MARKETING_VERSION = 1.0;
				PRODUCT_BUNDLE_IDENTIFIER = co.juansmacias.FamilyEuroTripTests;
				PRODUCT_NAME = "$(TARGET_NAME)";
				SWIFT_EMIT_LOC_STRINGS = NO;
				SWIFT_VERSION = 5.0;
				TARGETED_DEVICE_FAMILY = "1,2";
				TEST_HOST = "$(BUILT_PRODUCTS_DIR)/FamilyEuroTrip.app/FamilyEuroTrip";
			};
			name = Release;
		};
		64273152282B443800DE8001 /* Debug */ = {
			isa = XCBuildConfiguration;
			buildSettings = {
				ALWAYS_EMBED_SWIFT_STANDARD_LIBRARIES = YES;
				CODE_SIGN_STYLE = Automatic;
				CURRENT_PROJECT_VERSION = 1;
				GENERATE_INFOPLIST_FILE = YES;
				MARKETING_VERSION = 1.0;
				PRODUCT_BUNDLE_IDENTIFIER = co.juansmacias.FamilyEuroTripUITests;
				PRODUCT_NAME = "$(TARGET_NAME)";
				SWIFT_EMIT_LOC_STRINGS = NO;
				SWIFT_VERSION = 5.0;
				TARGETED_DEVICE_FAMILY = "1,2";
				TEST_TARGET_NAME = FamilyEuroTrip;
			};
			name = Debug;
		};
		64273153282B443800DE8001 /* Release */ = {
			isa = XCBuildConfiguration;
			buildSettings = {
				ALWAYS_EMBED_SWIFT_STANDARD_LIBRARIES = YES;
				CODE_SIGN_STYLE = Automatic;
				CURRENT_PROJECT_VERSION = 1;
				GENERATE_INFOPLIST_FILE = YES;
				MARKETING_VERSION = 1.0;
				PRODUCT_BUNDLE_IDENTIFIER = co.juansmacias.FamilyEuroTripUITests;
				PRODUCT_NAME = "$(TARGET_NAME)";
				SWIFT_EMIT_LOC_STRINGS = NO;
				SWIFT_VERSION = 5.0;
				TARGETED_DEVICE_FAMILY = "1,2";
				TEST_TARGET_NAME = FamilyEuroTrip;
			};
			name = Release;
		};
/* End XCBuildConfiguration section */

/* Begin XCConfigurationList section */
		64273119282B443400DE8001 /* Build configuration list for PBXProject "FamilyEuroTrip" */ = {
			isa = XCConfigurationList;
			buildConfigurations = (
				64273149282B443800DE8001 /* Debug */,
				6427314A282B443800DE8001 /* Release */,
			);
			defaultConfigurationIsVisible = 0;
			defaultConfigurationName = Release;
		};
		6427314B282B443800DE8001 /* Build configuration list for PBXNativeTarget "FamilyEuroTrip" */ = {
			isa = XCConfigurationList;
			buildConfigurations = (
				6427314C282B443800DE8001 /* Debug */,
				6427314D282B443800DE8001 /* Release */,
			);
			defaultConfigurationIsVisible = 0;
			defaultConfigurationName = Release;
		};
		6427314E282B443800DE8001 /* Build configuration list for PBXNativeTarget "FamilyEuroTripTests" */ = {
			isa = XCConfigurationList;
			buildConfigurations = (
				6427314F282B443800DE8001 /* Debug */,
				64273150282B443800DE8001 /* Release */,
			);
			defaultConfigurationIsVisible = 0;
			defaultConfigurationName = Release;
		};
		64273151282B443800DE8001 /* Build configuration list for PBXNativeTarget "FamilyEuroTripUITests" */ = {
			isa = XCConfigurationList;
			buildConfigurations = (
				64273152282B443800DE8001 /* Debug */,
				64273153282B443800DE8001 /* Release */,
			);
			defaultConfigurationIsVisible = 0;
			defaultConfigurationName = Release;
		};
/* End XCConfigurationList section */

/* Begin XCVersionGroup section */
		6427312A282B443400DE8001 /* FamilyEuroTrip.xcdatamodeld */ = {
			isa = XCVersionGroup;
			children = (
				6427312B282B443400DE8001 /* FamilyEuroTrip.xcdatamodel */,
			);
			currentVersion = 6427312B282B443400DE8001 /* FamilyEuroTrip.xcdatamodel */;
			path = FamilyEuroTrip.xcdatamodeld;
			sourceTree = "<group>";
			versionGroupType = wrapper.xcdatamodel;
		};
/* End XCVersionGroup section */
	};
	rootObject = 64273116282B443400DE8001 /* Project object */;
}
